
Microsoft Visual Studio Solution File, Format Version 12.00
# Visual Studio Version 16
VisualStudioVersion = 16.0.29403.142
MinimumVisualStudioVersion = 10.0.40219.1
Project("{FAE04EC0-301F-11D3-BF4B-00C04F79EFBC}") = "DropParty", "DropParty\DropParty.csproj", "{F2AAB6D5-6F08-4CE5-9D0B-3992E2B420F0}"
EndProject
Global
	GlobalSection(SolutionConfigurationPlatforms) = preSolution
		Debug|Any CPU = Debug|Any CPU
		Release|Any CPU = Release|Any CPU
	EndGlobalSection
	GlobalSection(ProjectConfigurationPlatforms) = postSolution
		{F2AAB6D5-6F08-4CE5-9D0B-3992E2B420F0}.Debug|Any CPU.ActiveCfg = Debug|Any CPU
		{F2AAB6D5-6F08-4CE5-9D0B-3992E2B420F0}.Debug|Any CPU.Build.0 = Debug|Any CPU
		{F2AAB6D5-6F08-4CE5-9D0B-3992E2B420F0}.Release|Any CPU.ActiveCfg = Release|Any CPU
		{F2AAB6D5-6F08-4CE5-9D0B-3992E2B420F0}.Release|Any CPU.Build.0 = Release|Any CPU
	EndGlobalSection
	GlobalSection(SolutionProperties) = preSolution
		HideSolutionNode = FALSE
	EndGlobalSection
	GlobalSection(ExtensibilityGlobals) = postSolution
		SolutionGuid = {D3FD214B-3FAA-4844-9DD5-588C8F5D37AC}
	EndGlobalSection
EndGlobal
